// !$*UTF8*$!
{
	archiveVersion = 1;
	classes = {
	};
	objectVersion = 46;
	objects = {

/* Begin PBXBuildFile section */
		1E0D81221BE3E8A0004ED43F /* LogInViewController.swift in Sources */ = {isa = PBXBuildFile; fileRef = 1E0D81211BE3E8A0004ED43F /* LogInViewController.swift */; };
		1EA59ADA1CE2CA0C007DF1D0 /* UserDefault.swift in Sources */ = {isa = PBXBuildFile; fileRef = 1EA59AD91CE2CA0C007DF1D0 /* UserDefault.swift */; };
		1EA59ADC1CE2E92C007DF1D0 /* NetworkLayer.swift in Sources */ = {isa = PBXBuildFile; fileRef = 1EA59ADB1CE2E92C007DF1D0 /* NetworkLayer.swift */; };
		1EAF38B41CE7AE800028FB2C /* SharedViewCode.swift in Sources */ = {isa = PBXBuildFile; fileRef = 1EAF38B31CE7AE800028FB2C /* SharedViewCode.swift */; };
		1EAF38B61CE7E3620028FB2C /* PostingViewController.swift in Sources */ = {isa = PBXBuildFile; fileRef = 1EAF38B51CE7E3620028FB2C /* PostingViewController.swift */; };
		1ED098DB1BE3BF8E0093EED9 /* AppDelegate.swift in Sources */ = {isa = PBXBuildFile; fileRef = 1ED098DA1BE3BF8E0093EED9 /* AppDelegate.swift */; };
		1ED098DD1BE3BF8E0093EED9 /* MapViewController.swift in Sources */ = {isa = PBXBuildFile; fileRef = 1ED098DC1BE3BF8E0093EED9 /* MapViewController.swift */; };
		1ED098DF1BE3BF8E0093EED9 /* PinViewController.swift in Sources */ = {isa = PBXBuildFile; fileRef = 1ED098DE1BE3BF8E0093EED9 /* PinViewController.swift */; };
		1ED098E21BE3BF8E0093EED9 /* Main.storyboard in Resources */ = {isa = PBXBuildFile; fileRef = 1ED098E01BE3BF8E0093EED9 /* Main.storyboard */; };
		1ED098E41BE3BF8E0093EED9 /* Assets.xcassets in Resources */ = {isa = PBXBuildFile; fileRef = 1ED098E31BE3BF8E0093EED9 /* Assets.xcassets */; };
		1ED098E71BE3BF8E0093EED9 /* LaunchScreen.storyboard in Resources */ = {isa = PBXBuildFile; fileRef = 1ED098E51BE3BF8E0093EED9 /* LaunchScreen.storyboard */; };
		1ED098F21BE3BF8F0093EED9 /* OnTheMapTests.swift in Sources */ = {isa = PBXBuildFile; fileRef = 1ED098F11BE3BF8F0093EED9 /* OnTheMapTests.swift */; };
		1ED098FD1BE3BF8F0093EED9 /* OnTheMapUITests.swift in Sources */ = {isa = PBXBuildFile; fileRef = 1ED098FC1BE3BF8F0093EED9 /* OnTheMapUITests.swift */; };
		1EEB186C1D89DAE800FD9A06 /* UserLocation.swift in Sources */ = {isa = PBXBuildFile; fileRef = 1EEB186B1D89DAE800FD9A06 /* UserLocation.swift */; };
/* End PBXBuildFile section */

/* Begin PBXContainerItemProxy section */
		1ED098EE1BE3BF8F0093EED9 /* PBXContainerItemProxy */ = {
			isa = PBXContainerItemProxy;
			containerPortal = 1ED098CF1BE3BF8E0093EED9 /* Project object */;
			proxyType = 1;
			remoteGlobalIDString = 1ED098D61BE3BF8E0093EED9;
			remoteInfo = OnTheMap;
		};
		1ED098F91BE3BF8F0093EED9 /* PBXContainerItemProxy */ = {
			isa = PBXContainerItemProxy;
			containerPortal = 1ED098CF1BE3BF8E0093EED9 /* Project object */;
			proxyType = 1;
			remoteGlobalIDString = 1ED098D61BE3BF8E0093EED9;
			remoteInfo = OnTheMap;
		};
/* End PBXContainerItemProxy section */

/* Begin PBXFileReference section */
		1E0D81211BE3E8A0004ED43F /* LogInViewController.swift */ = {isa = PBXFileReference; fileEncoding = 4; lastKnownFileType = sourcecode.swift; path = LogInViewController.swift; sourceTree = "<group>"; };
		1EA59AD91CE2CA0C007DF1D0 /* UserDefault.swift */ = {isa = PBXFileReference; fileEncoding = 4; lastKnownFileType = sourcecode.swift; path = UserDefault.swift; sourceTree = "<group>"; };
		1EA59ADB1CE2E92C007DF1D0 /* NetworkLayer.swift */ = {isa = PBXFileReference; fileEncoding = 4; lastKnownFileType = sourcecode.swift; path = NetworkLayer.swift; sourceTree = "<group>"; };
		1EAF38B31CE7AE800028FB2C /* SharedViewCode.swift */ = {isa = PBXFileReference; fileEncoding = 4; lastKnownFileType = sourcecode.swift; path = SharedViewCode.swift; sourceTree = "<group>"; };
		1EAF38B51CE7E3620028FB2C /* PostingViewController.swift */ = {isa = PBXFileReference; fileEncoding = 4; lastKnownFileType = sourcecode.swift; path = PostingViewController.swift; sourceTree = "<group>"; };
		1ED098D71BE3BF8E0093EED9 /* OnTheMap.app */ = {isa = PBXFileReference; explicitFileType = wrapper.application; includeInIndex = 0; path = OnTheMap.app; sourceTree = BUILT_PRODUCTS_DIR; };
		1ED098DA1BE3BF8E0093EED9 /* AppDelegate.swift */ = {isa = PBXFileReference; lastKnownFileType = sourcecode.swift; path = AppDelegate.swift; sourceTree = "<group>"; };
		1ED098DC1BE3BF8E0093EED9 /* MapViewController.swift */ = {isa = PBXFileReference; lastKnownFileType = sourcecode.swift; path = MapViewController.swift; sourceTree = "<group>"; };
		1ED098DE1BE3BF8E0093EED9 /* PinViewController.swift */ = {isa = PBXFileReference; lastKnownFileType = sourcecode.swift; path = PinViewController.swift; sourceTree = "<group>"; };
		1ED098E11BE3BF8E0093EED9 /* Base */ = {isa = PBXFileReference; lastKnownFileType = file.storyboard; name = Base; path = Base.lproj/Main.storyboard; sourceTree = "<group>"; };
		1ED098E31BE3BF8E0093EED9 /* Assets.xcassets */ = {isa = PBXFileReference; lastKnownFileType = folder.assetcatalog; path = Assets.xcassets; sourceTree = "<group>"; };
		1ED098E61BE3BF8E0093EED9 /* Base */ = {isa = PBXFileReference; lastKnownFileType = file.storyboard; name = Base; path = Base.lproj/LaunchScreen.storyboard; sourceTree = "<group>"; };
		1ED098E81BE3BF8E0093EED9 /* Info.plist */ = {isa = PBXFileReference; lastKnownFileType = text.plist.xml; path = Info.plist; sourceTree = "<group>"; };
		1ED098ED1BE3BF8F0093EED9 /* OnTheMapTests.xctest */ = {isa = PBXFileReference; explicitFileType = wrapper.cfbundle; includeInIndex = 0; path = OnTheMapTests.xctest; sourceTree = BUILT_PRODUCTS_DIR; };
		1ED098F11BE3BF8F0093EED9 /* OnTheMapTests.swift */ = {isa = PBXFileReference; lastKnownFileType = sourcecode.swift; path = OnTheMapTests.swift; sourceTree = "<group>"; };
		1ED098F31BE3BF8F0093EED9 /* Info.plist */ = {isa = PBXFileReference; lastKnownFileType = text.plist.xml; path = Info.plist; sourceTree = "<group>"; };
		1ED098F81BE3BF8F0093EED9 /* OnTheMapUITests.xctest */ = {isa = PBXFileReference; explicitFileType = wrapper.cfbundle; includeInIndex = 0; path = OnTheMapUITests.xctest; sourceTree = BUILT_PRODUCTS_DIR; };
		1ED098FC1BE3BF8F0093EED9 /* OnTheMapUITests.swift */ = {isa = PBXFileReference; lastKnownFileType = sourcecode.swift; path = OnTheMapUITests.swift; sourceTree = "<group>"; };
		1ED098FE1BE3BF8F0093EED9 /* Info.plist */ = {isa = PBXFileReference; lastKnownFileType = text.plist.xml; path = Info.plist; sourceTree = "<group>"; };
		1EEB186B1D89DAE800FD9A06 /* UserLocation.swift */ = {isa = PBXFileReference; fileEncoding = 4; lastKnownFileType = sourcecode.swift; path = UserLocation.swift; sourceTree = "<group>"; };
/* End PBXFileReference section */

/* Begin PBXFrameworksBuildPhase section */
		1ED098D41BE3BF8E0093EED9 /* Frameworks */ = {
			isa = PBXFrameworksBuildPhase;
			buildActionMask = 2147483647;
			files = (
			);
			runOnlyForDeploymentPostprocessing = 0;
		};
		1ED098EA1BE3BF8F0093EED9 /* Frameworks */ = {
			isa = PBXFrameworksBuildPhase;
			buildActionMask = 2147483647;
			files = (
			);
			runOnlyForDeploymentPostprocessing = 0;
		};
		1ED098F51BE3BF8F0093EED9 /* Frameworks */ = {
			isa = PBXFrameworksBuildPhase;
			buildActionMask = 2147483647;
			files = (
			);
			runOnlyForDeploymentPostprocessing = 0;
		};
/* End PBXFrameworksBuildPhase section */

/* Begin PBXGroup section */
		1E4356B51D8F153D008F6F7E /* Model */ = {
			isa = PBXGroup;
			children = (
				1EA59AD91CE2CA0C007DF1D0 /* UserDefault.swift */,
				1EA59ADB1CE2E92C007DF1D0 /* NetworkLayer.swift */,
				1EEB186B1D89DAE800FD9A06 /* UserLocation.swift */,
			);
			name = Model;
			sourceTree = "<group>";
		};
		1EAF38B71CE7E3930028FB2C /* Views */ = {
			isa = PBXGroup;
			children = (
				1ED098E01BE3BF8E0093EED9 /* Main.storyboard */,
				1EAF38B31CE7AE800028FB2C /* SharedViewCode.swift */,
				1ED098DE1BE3BF8E0093EED9 /* PinViewController.swift */,
				1ED098DC1BE3BF8E0093EED9 /* MapViewController.swift */,
				1E0D81211BE3E8A0004ED43F /* LogInViewController.swift */,
				1EAF38B51CE7E3620028FB2C /* PostingViewController.swift */,
			);
			name = Views;
			sourceTree = "<group>";
		};
		1EAF38B81CE817EA0028FB2C /* App Support Items */ = {
			isa = PBXGroup;
			children = (
				1ED098E31BE3BF8E0093EED9 /* Assets.xcassets */,
				1ED098DA1BE3BF8E0093EED9 /* AppDelegate.swift */,
				1ED098E51BE3BF8E0093EED9 /* LaunchScreen.storyboard */,
				1ED098E81BE3BF8E0093EED9 /* Info.plist */,
			);
			name = "App Support Items";
			sourceTree = "<group>";
		};
		1ED098CE1BE3BF8E0093EED9 = {
			isa = PBXGroup;
			children = (
				1ED098D91BE3BF8E0093EED9 /* OnTheMap */,
				1ED098F01BE3BF8F0093EED9 /* OnTheMapTests */,
				1ED098FB1BE3BF8F0093EED9 /* OnTheMapUITests */,
				1ED098D81BE3BF8E0093EED9 /* Products */,
			);
			sourceTree = "<group>";
		};
		1ED098D81BE3BF8E0093EED9 /* Products */ = {
			isa = PBXGroup;
			children = (
				1ED098D71BE3BF8E0093EED9 /* OnTheMap.app */,
				1ED098ED1BE3BF8F0093EED9 /* OnTheMapTests.xctest */,
				1ED098F81BE3BF8F0093EED9 /* OnTheMapUITests.xctest */,
			);
			name = Products;
			sourceTree = "<group>";
		};
		1ED098D91BE3BF8E0093EED9 /* OnTheMap */ = {
			isa = PBXGroup;
			children = (
				1EAF38B81CE817EA0028FB2C /* App Support Items */,
				1E4356B51D8F153D008F6F7E /* Model */,
				1EAF38B71CE7E3930028FB2C /* Views */,
			);
			path = OnTheMap;
			sourceTree = "<group>";
		};
		1ED098F01BE3BF8F0093EED9 /* OnTheMapTests */ = {
			isa = PBXGroup;
			children = (
				1ED098F11BE3BF8F0093EED9 /* OnTheMapTests.swift */,
				1ED098F31BE3BF8F0093EED9 /* Info.plist */,
			);
			path = OnTheMapTests;
			sourceTree = "<group>";
		};
		1ED098FB1BE3BF8F0093EED9 /* OnTheMapUITests */ = {
			isa = PBXGroup;
			children = (
				1ED098FC1BE3BF8F0093EED9 /* OnTheMapUITests.swift */,
				1ED098FE1BE3BF8F0093EED9 /* Info.plist */,
			);
			path = OnTheMapUITests;
			sourceTree = "<group>";
		};
/* End PBXGroup section */

/* Begin PBXNativeTarget section */
		1ED098D61BE3BF8E0093EED9 /* OnTheMap */ = {
			isa = PBXNativeTarget;
			buildConfigurationList = 1ED099011BE3BF8F0093EED9 /* Build configuration list for PBXNativeTarget "OnTheMap" */;
			buildPhases = (
				1ED098D31BE3BF8E0093EED9 /* Sources */,
				1ED098D41BE3BF8E0093EED9 /* Frameworks */,
				1ED098D51BE3BF8E0093EED9 /* Resources */,
			);
			buildRules = (
			);
			dependencies = (
			);
			name = OnTheMap;
			productName = OnTheMap;
			productReference = 1ED098D71BE3BF8E0093EED9 /* OnTheMap.app */;
			productType = "com.apple.product-type.application";
		};
		1ED098EC1BE3BF8F0093EED9 /* OnTheMapTests */ = {
			isa = PBXNativeTarget;
			buildConfigurationList = 1ED099041BE3BF8F0093EED9 /* Build configuration list for PBXNativeTarget "OnTheMapTests" */;
			buildPhases = (
				1ED098E91BE3BF8F0093EED9 /* Sources */,
				1ED098EA1BE3BF8F0093EED9 /* Frameworks */,
				1ED098EB1BE3BF8F0093EED9 /* Resources */,
			);
			buildRules = (
			);
			dependencies = (
				1ED098EF1BE3BF8F0093EED9 /* PBXTargetDependency */,
			);
			name = OnTheMapTests;
			productName = OnTheMapTests;
			productReference = 1ED098ED1BE3BF8F0093EED9 /* OnTheMapTests.xctest */;
			productType = "com.apple.product-type.bundle.unit-test";
		};
		1ED098F71BE3BF8F0093EED9 /* OnTheMapUITests */ = {
			isa = PBXNativeTarget;
			buildConfigurationList = 1ED099071BE3BF8F0093EED9 /* Build configuration list for PBXNativeTarget "OnTheMapUITests" */;
			buildPhases = (
				1ED098F41BE3BF8F0093EED9 /* Sources */,
				1ED098F51BE3BF8F0093EED9 /* Frameworks */,
				1ED098F61BE3BF8F0093EED9 /* Resources */,
			);
			buildRules = (
			);
			dependencies = (
				1ED098FA1BE3BF8F0093EED9 /* PBXTargetDependency */,
			);
			name = OnTheMapUITests;
			productName = OnTheMapUITests;
			productReference = 1ED098F81BE3BF8F0093EED9 /* OnTheMapUITests.xctest */;
			productType = "com.apple.product-type.bundle.ui-testing";
		};
/* End PBXNativeTarget section */

/* Begin PBXProject section */
		1ED098CF1BE3BF8E0093EED9 /* Project object */ = {
			isa = PBXProject;
			attributes = {
				LastUpgradeCheck = 0800;
				ORGANIZATIONNAME = "Cheyo Jimenez";
				TargetAttributes = {
					1ED098D61BE3BF8E0093EED9 = {
						CreatedOnToolsVersion = 7.0;
						DevelopmentTeam = 98V23JL673;
						LastSwiftMigration = 0800;
					};
					1ED098EC1BE3BF8F0093EED9 = {
						CreatedOnToolsVersion = 7.0;
						LastSwiftMigration = 0800;
						TestTargetID = 1ED098D61BE3BF8E0093EED9;
					};
					1ED098F71BE3BF8F0093EED9 = {
						CreatedOnToolsVersion = 7.0;
						LastSwiftMigration = 0800;
						TestTargetID = 1ED098D61BE3BF8E0093EED9;
					};
				};
			};
			buildConfigurationList = 1ED098D21BE3BF8E0093EED9 /* Build configuration list for PBXProject "OnTheMap" */;
			compatibilityVersion = "Xcode 3.2";
			developmentRegion = English;
			hasScannedForEncodings = 0;
			knownRegions = (
				en,
				Base,
			);
			mainGroup = 1ED098CE1BE3BF8E0093EED9;
			productRefGroup = 1ED098D81BE3BF8E0093EED9 /* Products */;
			projectDirPath = "";
			projectRoot = "";
			targets = (
				1ED098D61BE3BF8E0093EED9 /* OnTheMap */,
				1ED098EC1BE3BF8F0093EED9 /* OnTheMapTests */,
				1ED098F71BE3BF8F0093EED9 /* OnTheMapUITests */,
			);
		};
/* End PBXProject section */

/* Begin PBXResourcesBuildPhase section */
		1ED098D51BE3BF8E0093EED9 /* Resources */ = {
			isa = PBXResourcesBuildPhase;
			buildActionMask = 2147483647;
			files = (
				1ED098E71BE3BF8E0093EED9 /* LaunchScreen.storyboard in Resources */,
				1ED098E41BE3BF8E0093EED9 /* Assets.xcassets in Resources */,
				1ED098E21BE3BF8E0093EED9 /* Main.storyboard in Resources */,
			);
			runOnlyForDeploymentPostprocessing = 0;
		};
		1ED098EB1BE3BF8F0093EED9 /* Resources */ = {
			isa = PBXResourcesBuildPhase;
			buildActionMask = 2147483647;
			files = (
			);
			runOnlyForDeploymentPostprocessing = 0;
		};
		1ED098F61BE3BF8F0093EED9 /* Resources */ = {
			isa = PBXResourcesBuildPhase;
			buildActionMask = 2147483647;
			files = (
			);
			runOnlyForDeploymentPostprocessing = 0;
		};
/* End PBXResourcesBuildPhase section */

/* Begin PBXSourcesBuildPhase section */
		1ED098D31BE3BF8E0093EED9 /* Sources */ = {
			isa = PBXSourcesBuildPhase;
			buildActionMask = 2147483647;
			files = (
				1EA59ADC1CE2E92C007DF1D0 /* NetworkLayer.swift in Sources */,
				1EAF38B61CE7E3620028FB2C /* PostingViewController.swift in Sources */,
				1EA59ADA1CE2CA0C007DF1D0 /* UserDefault.swift in Sources */,
				1EEB186C1D89DAE800FD9A06 /* UserLocation.swift in Sources */,
				1E0D81221BE3E8A0004ED43F /* LogInViewController.swift in Sources */,
				1EAF38B41CE7AE800028FB2C /* SharedViewCode.swift in Sources */,
				1ED098DF1BE3BF8E0093EED9 /* PinViewController.swift in Sources */,
				1ED098DB1BE3BF8E0093EED9 /* AppDelegate.swift in Sources */,
				1ED098DD1BE3BF8E0093EED9 /* MapViewController.swift in Sources */,
			);
			runOnlyForDeploymentPostprocessing = 0;
		};
		1ED098E91BE3BF8F0093EED9 /* Sources */ = {
			isa = PBXSourcesBuildPhase;
			buildActionMask = 2147483647;
			files = (
				1ED098F21BE3BF8F0093EED9 /* OnTheMapTests.swift in Sources */,
			);
			runOnlyForDeploymentPostprocessing = 0;
		};
		1ED098F41BE3BF8F0093EED9 /* Sources */ = {
			isa = PBXSourcesBuildPhase;
			buildActionMask = 2147483647;
			files = (
				1ED098FD1BE3BF8F0093EED9 /* OnTheMapUITests.swift in Sources */,
			);
			runOnlyForDeploymentPostprocessing = 0;
		};
/* End PBXSourcesBuildPhase section */

/* Begin PBXTargetDependency section */
		1ED098EF1BE3BF8F0093EED9 /* PBXTargetDependency */ = {
			isa = PBXTargetDependency;
			target = 1ED098D61BE3BF8E0093EED9 /* OnTheMap */;
			targetProxy = 1ED098EE1BE3BF8F0093EED9 /* PBXContainerItemProxy */;
		};
		1ED098FA1BE3BF8F0093EED9 /* PBXTargetDependency */ = {
			isa = PBXTargetDependency;
			target = 1ED098D61BE3BF8E0093EED9 /* OnTheMap */;
			targetProxy = 1ED098F91BE3BF8F0093EED9 /* PBXContainerItemProxy */;
		};
/* End PBXTargetDependency section */

/* Begin PBXVariantGroup section */
		1ED098E01BE3BF8E0093EED9 /* Main.storyboard */ = {
			isa = PBXVariantGroup;
			children = (
				1ED098E11BE3BF8E0093EED9 /* Base */,
			);
			name = Main.storyboard;
			sourceTree = "<group>";
		};
		1ED098E51BE3BF8E0093EED9 /* LaunchScreen.storyboard */ = {
			isa = PBXVariantGroup;
			children = (
				1ED098E61BE3BF8E0093EED9 /* Base */,
			);
			name = LaunchScreen.storyboard;
			sourceTree = "<group>";
		};
/* End PBXVariantGroup section */

/* Begin XCBuildConfiguration section */
		1ED098FF1BE3BF8F0093EED9 /* Debug */ = {
			isa = XCBuildConfiguration;
			buildSettings = {
				ALWAYS_SEARCH_USER_PATHS = NO;
				CLANG_CXX_LANGUAGE_STANDARD = "gnu++0x";
				CLANG_CXX_LIBRARY = "libc++";
				CLANG_ENABLE_MODULES = YES;
				CLANG_ENABLE_OBJC_ARC = YES;
				CLANG_WARN_BOOL_CONVERSION = YES;
				CLANG_WARN_CONSTANT_CONVERSION = YES;
				CLANG_WARN_DIRECT_OBJC_ISA_USAGE = YES_ERROR;
				CLANG_WARN_EMPTY_BODY = YES;
				CLANG_WARN_ENUM_CONVERSION = YES;
				CLANG_WARN_INFINITE_RECURSION = YES;
				CLANG_WARN_INT_CONVERSION = YES;
				CLANG_WARN_OBJC_ROOT_CLASS = YES_ERROR;
				CLANG_WARN_SUSPICIOUS_MOVE = YES;
				CLANG_WARN_UNREACHABLE_CODE = YES;
				CLANG_WARN__DUPLICATE_METHOD_MATCH = YES;
				"CODE_SIGN_IDENTITY[sdk=iphoneos*]" = "iPhone Developer";
				COPY_PHASE_STRIP = NO;
				DEBUG_INFORMATION_FORMAT = dwarf;
				ENABLE_STRICT_OBJC_MSGSEND = YES;
				ENABLE_TESTABILITY = YES;
				GCC_C_LANGUAGE_STANDARD = gnu99;
				GCC_DYNAMIC_NO_PIC = NO;
				GCC_NO_COMMON_BLOCKS = YES;
				GCC_OPTIMIZATION_LEVEL = 0;
				GCC_PREPROCESSOR_DEFINITIONS = (
					"DEBUG=1",
					"$(inherited)",
				);
				GCC_WARN_64_TO_32_BIT_CONVERSION = YES;
				GCC_WARN_ABOUT_RETURN_TYPE = YES_ERROR;
				GCC_WARN_UNDECLARED_SELECTOR = YES;
				GCC_WARN_UNINITIALIZED_AUTOS = YES_AGGRESSIVE;
				GCC_WARN_UNUSED_FUNCTION = YES;
				GCC_WARN_UNUSED_VARIABLE = YES;
				IPHONEOS_DEPLOYMENT_TARGET = 12.0;
				MTL_ENABLE_DEBUG_INFO = YES;
				ONLY_ACTIVE_ARCH = YES;
				SDKROOT = iphoneos;
				SWIFT_OPTIMIZATION_LEVEL = "-Onone";
				TARGETED_DEVICE_FAMILY = "1,2";
			};
			name = Debug;
		};
		1ED099001BE3BF8F0093EED9 /* Release */ = {
			isa = XCBuildConfiguration;
			buildSettings = {
				ALWAYS_SEARCH_USER_PATHS = NO;
				CLANG_CXX_LANGUAGE_STANDARD = "gnu++0x";
				CLANG_CXX_LIBRARY = "libc++";
				CLANG_ENABLE_MODULES = YES;
				CLANG_ENABLE_OBJC_ARC = YES;
				CLANG_WARN_BOOL_CONVERSION = YES;
				CLANG_WARN_CONSTANT_CONVERSION = YES;
				CLANG_WARN_DIRECT_OBJC_ISA_USAGE = YES_ERROR;
				CLANG_WARN_EMPTY_BODY = YES;
				CLANG_WARN_ENUM_CONVERSION = YES;
				CLANG_WARN_INFINITE_RECURSION = YES;
				CLANG_WARN_INT_CONVERSION = YES;
				CLANG_WARN_OBJC_ROOT_CLASS = YES_ERROR;
				CLANG_WARN_SUSPICIOUS_MOVE = YES;
				CLANG_WARN_UNREACHABLE_CODE = YES;
				CLANG_WARN__DUPLICATE_METHOD_MATCH = YES;
				"CODE_SIGN_IDENTITY[sdk=iphoneos*]" = "iPhone Developer";
				COPY_PHASE_STRIP = NO;
				DEBUG_INFORMATION_FORMAT = "dwarf-with-dsym";
				ENABLE_NS_ASSERTIONS = NO;
				ENABLE_STRICT_OBJC_MSGSEND = YES;
				GCC_C_LANGUAGE_STANDARD = gnu99;
				GCC_NO_COMMON_BLOCKS = YES;
				GCC_WARN_64_TO_32_BIT_CONVERSION = YES;
				GCC_WARN_ABOUT_RETURN_TYPE = YES_ERROR;
				GCC_WARN_UNDECLARED_SELECTOR = YES;
				GCC_WARN_UNINITIALIZED_AUTOS = YES_AGGRESSIVE;
				GCC_WARN_UNUSED_FUNCTION = YES;
				GCC_WARN_UNUSED_VARIABLE = YES;
				IPHONEOS_DEPLOYMENT_TARGET = 12.0;
				MTL_ENABLE_DEBUG_INFO = NO;
				SDKROOT = iphoneos;
				SWIFT_OPTIMIZATION_LEVEL = "-O";
				TARGETED_DEVICE_FAMILY = "1,2";
				VALIDATE_PRODUCT = YES;
			};
			name = Release;
		};
		1ED099021BE3BF8F0093EED9 /* Debug */ = {
			isa = XCBuildConfiguration;
			buildSettings = {
				ASSETCATALOG_COMPILER_APPICON_NAME = AppIcon;
				CODE_SIGN_IDENTITY = "iPhone Developer";
				"CODE_SIGN_IDENTITY[sdk=iphoneos*]" = "iPhone Developer";
				INFOPLIST_FILE = OnTheMap/Info.plist;
				IPHONEOS_DEPLOYMENT_TARGET = 10.0;
				LD_RUNPATH_SEARCH_PATHS = "$(inherited) @executable_path/Frameworks";
				PRODUCT_BUNDLE_IDENTIFIER = com.masters3d.OnTheMap;
				PRODUCT_NAME = "$(TARGET_NAME)";
				PROVISIONING_PROFILE = "";
				SWIFT_VERSION = 3.0;
				TARGETED_DEVICE_FAMILY = 1;
			};
			name = Debug;
		};
		1ED099031BE3BF8F0093EED9 /* Release */ = {
			isa = XCBuildConfiguration;
			buildSettings = {
				ASSETCATALOG_COMPILER_APPICON_NAME = AppIcon;
				CODE_SIGN_IDENTITY = "iPhone Developer";
				"CODE_SIGN_IDENTITY[sdk=iphoneos*]" = "iPhone Developer";
				INFOPLIST_FILE = OnTheMap/Info.plist;
				IPHONEOS_DEPLOYMENT_TARGET = 10.0;
				LD_RUNPATH_SEARCH_PATHS = "$(inherited) @executable_path/Frameworks";
				PRODUCT_BUNDLE_IDENTIFIER = com.masters3d.OnTheMap;
				PRODUCT_NAME = "$(TARGET_NAME)";
				PROVISIONING_PROFILE = "";
				SWIFT_VERSION = 3.0;
				TARGETED_DEVICE_FAMILY = 1;
			};
			name = Release;
		};
		1ED099051BE3BF8F0093EED9 /* Debug */ = {
			isa = XCBuildConfiguration;
			buildSettings = {
				BUNDLE_LOADER = "$(TEST_HOST)";
				INFOPLIST_FILE = OnTheMapTests/Info.plist;
				LD_RUNPATH_SEARCH_PATHS = "$(inherited) @executable_path/Frameworks @loader_path/Frameworks";
				PRODUCT_BUNDLE_IDENTIFIER = com.masters3d.OnTheMapTests;
				PRODUCT_NAME = "$(TARGET_NAME)";
				SWIFT_VERSION = 3.0;
				TEST_HOST = "$(BUILT_PRODUCTS_DIR)/OnTheMap.app/OnTheMap";
			};
			name = Debug;
		};
		1ED099061BE3BF8F0093EED9 /* Release */ = {
			isa = XCBuildConfiguration;
			buildSettings = {
				BUNDLE_LOADER = "$(TEST_HOST)";
				INFOPLIST_FILE = OnTheMapTests/Info.plist;
				LD_RUNPATH_SEARCH_PATHS = "$(inherited) @executable_path/Frameworks @loader_path/Frameworks";
				PRODUCT_BUNDLE_IDENTIFIER = com.masters3d.OnTheMapTests;
				PRODUCT_NAME = "$(TARGET_NAME)";
				SWIFT_VERSION = 3.0;
				TEST_HOST = "$(BUILT_PRODUCTS_DIR)/OnTheMap.app/OnTheMap";
			};
			name = Release;
		};
		1ED099081BE3BF8F0093EED9 /* Debug */ = {
			isa = XCBuildConfiguration;
			buildSettings = {
				INFOPLIST_FILE = OnTheMapUITests/Info.plist;
				LD_RUNPATH_SEARCH_PATHS = "$(inherited) @executable_path/Frameworks @loader_path/Frameworks";
				PRODUCT_BUNDLE_IDENTIFIER = com.masters3d.OnTheMapUITests;
				PRODUCT_NAME = "$(TARGET_NAME)";
				SWIFT_VERSION = 3.0;
				TEST_TARGET_NAME = OnTheMap;
				USES_XCTRUNNER = YES;
			};
			name = Debug;
		};
		1ED099091BE3BF8F0093EED9 /* Release */ = {
			isa = XCBuildConfiguration;
			buildSettings = {
				INFOPLIST_FILE = OnTheMapUITests/Info.plist;
				LD_RUNPATH_SEARCH_PATHS = "$(inherited) @executable_path/Frameworks @loader_path/Frameworks";
				PRODUCT_BUNDLE_IDENTIFIER = com.masters3d.OnTheMapUITests;
				PRODUCT_NAME = "$(TARGET_NAME)";
				SWIFT_VERSION = 3.0;
				TEST_TARGET_NAME = OnTheMap;
				USES_XCTRUNNER = YES;
			};
			name = Release;
		};
/* End XCBuildConfiguration section */

/* Begin XCConfigurationList section */
		1ED098D21BE3BF8E0093EED9 /* Build configuration list for PBXProject "OnTheMap" */ = {
			isa = XCConfigurationList;
			buildConfigurations = (
				1ED098FF1BE3BF8F0093EED9 /* Debug */,
				1ED099001BE3BF8F0093EED9 /* Release */,
			);
			defaultConfigurationIsVisible = 0;
			defaultConfigurationName = Release;
		};
		1ED099011BE3BF8F0093EED9 /* Build configuration list for PBXNativeTarget "OnTheMap" */ = {
			isa = XCConfigurationList;
			buildConfigurations = (
				1ED099021BE3BF8F0093EED9 /* Debug */,
				1ED099031BE3BF8F0093EED9 /* Release */,
			);
			defaultConfigurationIsVisible = 0;
			defaultConfigurationName = Release;
		};
		1ED099041BE3BF8F0093EED9 /* Build configuration list for PBXNativeTarget "OnTheMapTests" */ = {
			isa = XCConfigurationList;
			buildConfigurations = (
				1ED099051BE3BF8F0093EED9 /* Debug */,
				1ED099061BE3BF8F0093EED9 /* Release */,
			);
			defaultConfigurationIsVisible = 0;
			defaultConfigurationName = Release;
		};
		1ED099071BE3BF8F0093EED9 /* Build configuration list for PBXNativeTarget "OnTheMapUITests" */ = {
			isa = XCConfigurationList;
			buildConfigurations = (
				1ED099081BE3BF8F0093EED9 /* Debug */,
				1ED099091BE3BF8F0093EED9 /* Release */,
			);
			defaultConfigurationIsVisible = 0;
			defaultConfigurationName = Release;
		};
/* End XCConfigurationList section */
	};
	rootObject = 1ED098CF1BE3BF8E0093EED9 /* Project object */;
}
